
Microsoft Visual Studio Solution File, Format Version 12.00
# Visual Studio 15
VisualStudioVersion = 15.0.27130.2036
MinimumVisualStudioVersion = 10.0.40219.1
Project("{FAE04EC0-301F-11D3-BF4B-00C04F79EFBC}") = "Nbd_Db4o", "Db4o\Nbd_Db4o.csproj", "{FC4ED681-6099-4CD3-AA0E-3D40B0535232}"
EndProject
Global
	GlobalSection(SolutionConfigurationPlatforms) = preSolution
		Debug|Any CPU = Debug|Any CPU
		Release|Any CPU = Release|Any CPU
	EndGlobalSection
	GlobalSection(ProjectConfigurationPlatforms) = postSolution
		{FC4ED681-6099-4CD3-AA0E-3D40B0535232}.Debug|Any CPU.ActiveCfg = Debug|Any CPU
		{FC4ED681-6099-4CD3-AA0E-3D40B0535232}.Debug|Any CPU.Build.0 = Debug|Any CPU
		{FC4ED681-6099-4CD3-AA0E-3D40B0535232}.Release|Any CPU.ActiveCfg = Release|Any CPU
		{FC4ED681-6099-4CD3-AA0E-3D40B0535232}.Release|Any CPU.Build.0 = Release|Any CPU
	EndGlobalSection
	GlobalSection(SolutionProperties) = preSolution
		HideSolutionNode = FALSE
	EndGlobalSection
	GlobalSection(ExtensibilityGlobals) = postSolution
		SolutionGuid = {90D8C039-93BA-41E8-9170-3D1754F76276}
	EndGlobalSection
EndGlobal
